
Microsoft Visual Studio Solution File, Format Version 12.00
# Visual Studio Version 17
VisualStudioVersion = 17.5.002.0
MinimumVisualStudioVersion = 10.0.40219.1
Project("{2150E333-8FDC-42A3-9474-1A3956D46DE8}") = "src", "src", "{E71F30B5-9B90-4723-91F1-A45FFA1663DB}"
EndProject
Project("{9A19103F-16F7-4668-BE54-9A1E7A4F7556}") = "Pode", "src\Listener\Pode.csproj", "{4E705F76-4B8D-4FD1-9924-9BA021E54F8F}"
EndProject
Global
	GlobalSection(SolutionConfigurationPlatforms) = preSolution
		Debug|Any CPU = Debug|Any CPU
		Release|Any CPU = Release|Any CPU
	EndGlobalSection
	GlobalSection(ProjectConfigurationPlatforms) = postSolution
		{4E705F76-4B8D-4FD1-9924-9BA021E54F8F}.Debug|Any CPU.ActiveCfg = Debug|Any CPU
		{4E705F76-4B8D-4FD1-9924-9BA021E54F8F}.Debug|Any CPU.Build.0 = Debug|Any CPU
		{4E705F76-4B8D-4FD1-9924-9BA021E54F8F}.Release|Any CPU.ActiveCfg = Release|Any CPU
		{4E705F76-4B8D-4FD1-9924-9BA021E54F8F}.Release|Any CPU.Build.0 = Release|Any CPU
	EndGlobalSection
	GlobalSection(SolutionProperties) = preSolution
		HideSolutionNode = FALSE
	EndGlobalSection
	GlobalSection(NestedProjects) = preSolution
		{4E705F76-4B8D-4FD1-9924-9BA021E54F8F} = {E71F30B5-9B90-4723-91F1-A45FFA1663DB}
	EndGlobalSection
	GlobalSection(ExtensibilityGlobals) = postSolution
		SolutionGuid = {EE9BDC07-106F-4C1C-9E5E-E58A6B981810}
	EndGlobalSection
EndGlobal
