
Microsoft Visual Studio Solution File, Format Version 12.00
# Visual Studio Version 17
VisualStudioVersion = 17.5.002.0
MinimumVisualStudioVersion = 10.0.40219.1
Project("{2150E333-8FDC-42A3-9474-1A3956D46DE8}") = "src", "src", "{BDD56B97-8113-493B-8301-17B54CDE5356}"
EndProject
Project("{9A19103F-16F7-4668-BE54-9A1E7A4F7556}") = "Pode", "src\Listener\Pode.csproj", "{AE56FED9-08A1-4A8E-9CDF-E83C09921A8C}"
EndProject
Global
	GlobalSection(SolutionConfigurationPlatforms) = preSolution
		Debug|Any CPU = Debug|Any CPU
		Release|Any CPU = Release|Any CPU
	EndGlobalSection
	GlobalSection(ProjectConfigurationPlatforms) = postSolution
		{AE56FED9-08A1-4A8E-9CDF-E83C09921A8C}.Debug|Any CPU.ActiveCfg = Debug|Any CPU
		{AE56FED9-08A1-4A8E-9CDF-E83C09921A8C}.Debug|Any CPU.Build.0 = Debug|Any CPU
		{AE56FED9-08A1-4A8E-9CDF-E83C09921A8C}.Release|Any CPU.ActiveCfg = Release|Any CPU
		{AE56FED9-08A1-4A8E-9CDF-E83C09921A8C}.Release|Any CPU.Build.0 = Release|Any CPU
	EndGlobalSection
	GlobalSection(SolutionProperties) = preSolution
		HideSolutionNode = FALSE
	EndGlobalSection
	GlobalSection(NestedProjects) = preSolution
		{AE56FED9-08A1-4A8E-9CDF-E83C09921A8C} = {BDD56B97-8113-493B-8301-17B54CDE5356}
	EndGlobalSection
	GlobalSection(ExtensibilityGlobals) = postSolution
		SolutionGuid = {DC51AA35-89A2-438D-A7B4-FC4B942947C8}
	EndGlobalSection
EndGlobal
