
Microsoft Visual Studio Solution File, Format Version 12.00
# Visual Studio Version 17
VisualStudioVersion = 17.5.002.0
MinimumVisualStudioVersion = 10.0.40219.1
Project("{2150E333-8FDC-42A3-9474-1A3956D46DE8}") = "src", "src", "{41F81369-8680-4BC5-BA16-C7891D245717}"
EndProject
Project("{9A19103F-16F7-4668-BE54-9A1E7A4F7556}") = "Pode", "src\Listener\Pode.csproj", "{772D5C9F-1B25-46A7-8977-412A5F7F77D1}"
EndProject
Global
	GlobalSection(SolutionConfigurationPlatforms) = preSolution
		Debug|Any CPU = Debug|Any CPU
		Release|Any CPU = Release|Any CPU
	EndGlobalSection
	GlobalSection(ProjectConfigurationPlatforms) = postSolution
		{772D5C9F-1B25-46A7-8977-412A5F7F77D1}.Debug|Any CPU.ActiveCfg = Debug|Any CPU
		{772D5C9F-1B25-46A7-8977-412A5F7F77D1}.Debug|Any CPU.Build.0 = Debug|Any CPU
		{772D5C9F-1B25-46A7-8977-412A5F7F77D1}.Release|Any CPU.ActiveCfg = Release|Any CPU
		{772D5C9F-1B25-46A7-8977-412A5F7F77D1}.Release|Any CPU.Build.0 = Release|Any CPU
	EndGlobalSection
	GlobalSection(SolutionProperties) = preSolution
		HideSolutionNode = FALSE
	EndGlobalSection
	GlobalSection(NestedProjects) = preSolution
		{772D5C9F-1B25-46A7-8977-412A5F7F77D1} = {41F81369-8680-4BC5-BA16-C7891D245717}
	EndGlobalSection
	GlobalSection(ExtensibilityGlobals) = postSolution
		SolutionGuid = {F24001DC-2986-4305-B1B5-8E73BCDF1A77}
	EndGlobalSection
EndGlobal
